
Microsoft Visual Studio Solution File, Format Version 12.00
# Visual Studio Version 16
VisualStudioVersion = 16.0.29613.14
MinimumVisualStudioVersion = 10.0.40219.1
Project("{FAE04EC0-301F-11D3-BF4B-00C04F79EFBC}") = "PayrollComputation", "PayrollComputation.csproj", "{A859ADA3-3042-4F6C-856D-85B44739F735}"
EndProject
Project("{FAE04EC0-301F-11D3-BF4B-00C04F79EFBC}") = "PayrollComputation.Services", "..\PayrollComputation.Services\PayrollComputation.Services.csproj", "{06F10FBD-E91E-48C8-B37E-B8AEA254680E}"
EndProject
Project("{FAE04EC0-301F-11D3-BF4B-00C04F79EFBC}") = "PayrollComputation.Persistence", "..\PayrollComputation.Persistence\PayrollComputation.Persistence.csproj", "{4D2E4AD9-39A4-44F6-878C-6E98AA777491}"
EndProject
Project("{FAE04EC0-301F-11D3-BF4B-00C04F79EFBC}") = "PayrollComputation.Entity", "..\PayrollComputation.Entity\PayrollComputation.Entity.csproj", "{0EBA00C2-D578-438F-BE60-57C461AF99E0}"
EndProject
Global
	GlobalSection(SolutionConfigurationPlatforms) = preSolution
		Debug|Any CPU = Debug|Any CPU
		Release|Any CPU = Release|Any CPU
	EndGlobalSection
	GlobalSection(ProjectConfigurationPlatforms) = postSolution
		{A859ADA3-3042-4F6C-856D-85B44739F735}.Debug|Any CPU.ActiveCfg = Debug|Any CPU
		{A859ADA3-3042-4F6C-856D-85B44739F735}.Debug|Any CPU.Build.0 = Debug|Any CPU
		{A859ADA3-3042-4F6C-856D-85B44739F735}.Release|Any CPU.ActiveCfg = Release|Any CPU
		{A859ADA3-3042-4F6C-856D-85B44739F735}.Release|Any CPU.Build.0 = Release|Any CPU
		{06F10FBD-E91E-48C8-B37E-B8AEA254680E}.Debug|Any CPU.ActiveCfg = Debug|Any CPU
		{06F10FBD-E91E-48C8-B37E-B8AEA254680E}.Debug|Any CPU.Build.0 = Debug|Any CPU
		{06F10FBD-E91E-48C8-B37E-B8AEA254680E}.Release|Any CPU.ActiveCfg = Release|Any CPU
		{06F10FBD-E91E-48C8-B37E-B8AEA254680E}.Release|Any CPU.Build.0 = Release|Any CPU
		{4D2E4AD9-39A4-44F6-878C-6E98AA777491}.Debug|Any CPU.ActiveCfg = Debug|Any CPU
		{4D2E4AD9-39A4-44F6-878C-6E98AA777491}.Debug|Any CPU.Build.0 = Debug|Any CPU
		{4D2E4AD9-39A4-44F6-878C-6E98AA777491}.Release|Any CPU.ActiveCfg = Release|Any CPU
		{4D2E4AD9-39A4-44F6-878C-6E98AA777491}.Release|Any CPU.Build.0 = Release|Any CPU
		{0EBA00C2-D578-438F-BE60-57C461AF99E0}.Debug|Any CPU.ActiveCfg = Debug|Any CPU
		{0EBA00C2-D578-438F-BE60-57C461AF99E0}.Debug|Any CPU.Build.0 = Debug|Any CPU
		{0EBA00C2-D578-438F-BE60-57C461AF99E0}.Release|Any CPU.ActiveCfg = Release|Any CPU
		{0EBA00C2-D578-438F-BE60-57C461AF99E0}.Release|Any CPU.Build.0 = Release|Any CPU
	EndGlobalSection
	GlobalSection(SolutionProperties) = preSolution
		HideSolutionNode = FALSE
	EndGlobalSection
	GlobalSection(ExtensibilityGlobals) = postSolution
		SolutionGuid = {81F1972E-306B-4368-89A7-4AFEE9CAD89A}
	EndGlobalSection
EndGlobal
